
Microsoft Visual Studio Solution File, Format Version 12.00
# Visual Studio 2013
VisualStudioVersion = 12.0.31101.0
MinimumVisualStudioVersion = 10.0.40219.1
Project("{FAE04EC0-301F-11D3-BF4B-00C04F79EFBC}") = "Space Invaders Lab", "Space Invaders Lab\Space Invaders Lab.csproj", "{C6252838-E1B4-46BA-9A80-7ED12078B50A}"
EndProject
Global
	GlobalSection(SolutionConfigurationPlatforms) = preSolution
		Debug|Any CPU = Debug|Any CPU
		Release|Any CPU = Release|Any CPU
	EndGlobalSection
	GlobalSection(ProjectConfigurationPlatforms) = postSolution
		{C6252838-E1B4-46BA-9A80-7ED12078B50A}.Debug|Any CPU.ActiveCfg = Debug|Any CPU
		{C6252838-E1B4-46BA-9A80-7ED12078B50A}.Debug|Any CPU.Build.0 = Debug|Any CPU
		{C6252838-E1B4-46BA-9A80-7ED12078B50A}.Release|Any CPU.ActiveCfg = Release|Any CPU
		{C6252838-E1B4-46BA-9A80-7ED12078B50A}.Release|Any CPU.Build.0 = Release|Any CPU
	EndGlobalSection
	GlobalSection(SolutionProperties) = preSolution
		HideSolutionNode = FALSE
	EndGlobalSection
EndGlobal
