
Microsoft Visual Studio Solution File, Format Version 12.00
# Visual Studio Express 2012 for Windows Desktop
Project("{FAE04EC0-301F-11D3-BF4B-00C04F79EFBC}") = "AdayAtTheRaces", "AdayAtTheRaces\AdayAtTheRaces.csproj", "{380DA233-C0BE-42B4-8FCD-AA3568CE9E92}"
EndProject
Global
	GlobalSection(SolutionConfigurationPlatforms) = preSolution
		Debug|Any CPU = Debug|Any CPU
		Release|Any CPU = Release|Any CPU
	EndGlobalSection
	GlobalSection(ProjectConfigurationPlatforms) = postSolution
		{380DA233-C0BE-42B4-8FCD-AA3568CE9E92}.Debug|Any CPU.ActiveCfg = Debug|Any CPU
		{380DA233-C0BE-42B4-8FCD-AA3568CE9E92}.Debug|Any CPU.Build.0 = Debug|Any CPU
		{380DA233-C0BE-42B4-8FCD-AA3568CE9E92}.Release|Any CPU.ActiveCfg = Release|Any CPU
		{380DA233-C0BE-42B4-8FCD-AA3568CE9E92}.Release|Any CPU.Build.0 = Release|Any CPU
	EndGlobalSection
	GlobalSection(SolutionProperties) = preSolution
		HideSolutionNode = FALSE
	EndGlobalSection
EndGlobal
