
Microsoft Visual Studio Solution File, Format Version 12.00
# Visual Studio 2013
VisualStudioVersion = 12.0.31101.0
MinimumVisualStudioVersion = 10.0.40219.1
Project("{FAE04EC0-301F-11D3-BF4B-00C04F79EFBC}") = "Behive System Chapter 6", "Behive System Chapter 6\Behive System Chapter 6.csproj", "{87E86CB8-1353-4FA0-9143-5FF06FCF7744}"
EndProject
Project("{FAE04EC0-301F-11D3-BF4B-00C04F79EFBC}") = "Behive System Two Chapter 6", "Behive System Two Chapter 6\Behive System Two Chapter 6.csproj", "{20DAEE34-4AAE-4440-BFEA-BA76F7D9C355}"
EndProject
Global
	GlobalSection(SolutionConfigurationPlatforms) = preSolution
		Debug|Any CPU = Debug|Any CPU
		Release|Any CPU = Release|Any CPU
	EndGlobalSection
	GlobalSection(ProjectConfigurationPlatforms) = postSolution
		{87E86CB8-1353-4FA0-9143-5FF06FCF7744}.Debug|Any CPU.ActiveCfg = Debug|Any CPU
		{87E86CB8-1353-4FA0-9143-5FF06FCF7744}.Debug|Any CPU.Build.0 = Debug|Any CPU
		{87E86CB8-1353-4FA0-9143-5FF06FCF7744}.Release|Any CPU.ActiveCfg = Release|Any CPU
		{87E86CB8-1353-4FA0-9143-5FF06FCF7744}.Release|Any CPU.Build.0 = Release|Any CPU
		{20DAEE34-4AAE-4440-BFEA-BA76F7D9C355}.Debug|Any CPU.ActiveCfg = Debug|Any CPU
		{20DAEE34-4AAE-4440-BFEA-BA76F7D9C355}.Debug|Any CPU.Build.0 = Debug|Any CPU
		{20DAEE34-4AAE-4440-BFEA-BA76F7D9C355}.Release|Any CPU.ActiveCfg = Release|Any CPU
		{20DAEE34-4AAE-4440-BFEA-BA76F7D9C355}.Release|Any CPU.Build.0 = Release|Any CPU
	EndGlobalSection
	GlobalSection(SolutionProperties) = preSolution
		HideSolutionNode = FALSE
	EndGlobalSection
EndGlobal
